
Microsoft Visual Studio Solution File, Format Version 12.00
# Visual Studio Version 17
VisualStudioVersion = 17.13.35919.96
MinimumVisualStudioVersion = 10.0.40219.1
Project("{FAE04EC0-301F-11D3-BF4B-00C04F79EFBC}") = "OrderService.Core", "OrderService.Core\OrderService.Core.csproj", "{0AA6C318-B6F8-4D7A-B191-E13FF9707020}"
EndProject
Project("{FAE04EC0-301F-11D3-BF4B-00C04F79EFBC}") = "OrderService.Api", "OrderService.Api\OrderService.Api.csproj", "{68CA4184-13C1-DD4E-F076-4FC54DEBC480}"
EndProject
Project("{FAE04EC0-301F-11D3-BF4B-00C04F79EFBC}") = "OrderService.Document", "OrderService.Document\OrderService.Document.csproj", "{474108D0-C7A7-5833-FEA5-26F6C50A3E70}"
EndProject
Project("{2150E333-8FDC-42A3-9474-1A3956D46DE8}") = "Solution Items", "Solution Items", "{8EC462FD-D22E-90A8-E5CE-7E832BA40C5D}"
EndProject
Project("{FAE04EC0-301F-11D3-BF4B-00C04F79EFBC}") = "OrderService.Graph", "OrderService.Graph\OrderService.Graph.csproj", "{1BE549CF-01FC-2029-5F69-8DCD0C218362}"
EndProject
Project("{FAE04EC0-301F-11D3-BF4B-00C04F79EFBC}") = "OrderService.Relational", "OrderService.Relational\OrderService.Relational.csproj", "{3910411F-0C91-3F1C-D887-EB34513FF200}"
EndProject
Global
	GlobalSection(SolutionConfigurationPlatforms) = preSolution
		Debug|Any CPU = Debug|Any CPU
		Release|Any CPU = Release|Any CPU
	EndGlobalSection
	GlobalSection(ProjectConfigurationPlatforms) = postSolution
		{0AA6C318-B6F8-4D7A-B191-E13FF9707020}.Debug|Any CPU.ActiveCfg = Debug|Any CPU
		{0AA6C318-B6F8-4D7A-B191-E13FF9707020}.Debug|Any CPU.Build.0 = Debug|Any CPU
		{0AA6C318-B6F8-4D7A-B191-E13FF9707020}.Release|Any CPU.ActiveCfg = Release|Any CPU
		{0AA6C318-B6F8-4D7A-B191-E13FF9707020}.Release|Any CPU.Build.0 = Release|Any CPU
		{68CA4184-13C1-DD4E-F076-4FC54DEBC480}.Debug|Any CPU.ActiveCfg = Debug|Any CPU
		{68CA4184-13C1-DD4E-F076-4FC54DEBC480}.Debug|Any CPU.Build.0 = Debug|Any CPU
		{68CA4184-13C1-DD4E-F076-4FC54DEBC480}.Release|Any CPU.ActiveCfg = Release|Any CPU
		{68CA4184-13C1-DD4E-F076-4FC54DEBC480}.Release|Any CPU.Build.0 = Release|Any CPU
		{474108D0-C7A7-5833-FEA5-26F6C50A3E70}.Debug|Any CPU.ActiveCfg = Debug|Any CPU
		{474108D0-C7A7-5833-FEA5-26F6C50A3E70}.Debug|Any CPU.Build.0 = Debug|Any CPU
		{474108D0-C7A7-5833-FEA5-26F6C50A3E70}.Release|Any CPU.ActiveCfg = Release|Any CPU
		{474108D0-C7A7-5833-FEA5-26F6C50A3E70}.Release|Any CPU.Build.0 = Release|Any CPU
		{1BE549CF-01FC-2029-5F69-8DCD0C218362}.Debug|Any CPU.ActiveCfg = Debug|Any CPU
		{1BE549CF-01FC-2029-5F69-8DCD0C218362}.Debug|Any CPU.Build.0 = Debug|Any CPU
		{1BE549CF-01FC-2029-5F69-8DCD0C218362}.Release|Any CPU.ActiveCfg = Release|Any CPU
		{1BE549CF-01FC-2029-5F69-8DCD0C218362}.Release|Any CPU.Build.0 = Release|Any CPU
		{3910411F-0C91-3F1C-D887-EB34513FF200}.Debug|Any CPU.ActiveCfg = Debug|Any CPU
		{3910411F-0C91-3F1C-D887-EB34513FF200}.Debug|Any CPU.Build.0 = Debug|Any CPU
		{3910411F-0C91-3F1C-D887-EB34513FF200}.Release|Any CPU.ActiveCfg = Release|Any CPU
		{3910411F-0C91-3F1C-D887-EB34513FF200}.Release|Any CPU.Build.0 = Release|Any CPU
	EndGlobalSection
	GlobalSection(SolutionProperties) = preSolution
		HideSolutionNode = FALSE
	EndGlobalSection
	GlobalSection(ExtensibilityGlobals) = postSolution
		SolutionGuid = {DF849CE9-CBDC-4952-8EED-E129DF08F3AD}
	EndGlobalSection
EndGlobal
