
Microsoft Visual Studio Solution File, Format Version 12.00
# Visual Studio Version 17
VisualStudioVersion = 17.13.35919.96
MinimumVisualStudioVersion = 10.0.40219.1
Project("{FAE04EC0-301F-11D3-BF4B-00C04F79EFBC}") = "FlakyApi", "FlakyApi\FlakyApi.csproj", "{78CFDBE9-B9E7-4ADC-83CD-4B729F161BA7}"
EndProject
Project("{FAE04EC0-301F-11D3-BF4B-00C04F79EFBC}") = "RetryClient", "RetryClient\RetryClient.csproj", "{9E0262FC-48DC-48D0-9347-D8D7F6A72291}"
EndProject
Project("{FAE04EC0-301F-11D3-BF4B-00C04F79EFBC}") = "CircuitClient", "CircuitClient\CircuitClient.csproj", "{17D27941-DC31-4AA7-A5F0-E47B820C1362}"
EndProject
Project("{2150E333-8FDC-42A3-9474-1A3956D46DE8}") = "Solution Items", "Solution Items", "{8EC462FD-D22E-90A8-E5CE-7E832BA40C5D}"
	ProjectSection(SolutionItems) = preProject
		README.md = README.md
	EndProjectSection
EndProject
Global
	GlobalSection(SolutionConfigurationPlatforms) = preSolution
		Debug|Any CPU = Debug|Any CPU
		Release|Any CPU = Release|Any CPU
	EndGlobalSection
	GlobalSection(ProjectConfigurationPlatforms) = postSolution
		{78CFDBE9-B9E7-4ADC-83CD-4B729F161BA7}.Debug|Any CPU.ActiveCfg = Debug|Any CPU
		{78CFDBE9-B9E7-4ADC-83CD-4B729F161BA7}.Debug|Any CPU.Build.0 = Debug|Any CPU
		{78CFDBE9-B9E7-4ADC-83CD-4B729F161BA7}.Release|Any CPU.ActiveCfg = Release|Any CPU
		{78CFDBE9-B9E7-4ADC-83CD-4B729F161BA7}.Release|Any CPU.Build.0 = Release|Any CPU
		{9E0262FC-48DC-48D0-9347-D8D7F6A72291}.Debug|Any CPU.ActiveCfg = Debug|Any CPU
		{9E0262FC-48DC-48D0-9347-D8D7F6A72291}.Debug|Any CPU.Build.0 = Debug|Any CPU
		{9E0262FC-48DC-48D0-9347-D8D7F6A72291}.Release|Any CPU.ActiveCfg = Release|Any CPU
		{9E0262FC-48DC-48D0-9347-D8D7F6A72291}.Release|Any CPU.Build.0 = Release|Any CPU
		{17D27941-DC31-4AA7-A5F0-E47B820C1362}.Debug|Any CPU.ActiveCfg = Debug|Any CPU
		{17D27941-DC31-4AA7-A5F0-E47B820C1362}.Debug|Any CPU.Build.0 = Debug|Any CPU
		{17D27941-DC31-4AA7-A5F0-E47B820C1362}.Release|Any CPU.ActiveCfg = Release|Any CPU
		{17D27941-DC31-4AA7-A5F0-E47B820C1362}.Release|Any CPU.Build.0 = Release|Any CPU
	EndGlobalSection
	GlobalSection(SolutionProperties) = preSolution
		HideSolutionNode = FALSE
	EndGlobalSection
	GlobalSection(ExtensibilityGlobals) = postSolution
		SolutionGuid = {B39EBE54-DCC2-4AD1-959F-0757D95D83F0}
	EndGlobalSection
EndGlobal
